// !$*UTF8*$!
{
	archiveVersion = 1;
	classes = {
	};
	objectVersion = 46;
	objects = {

/* Begin PBXBuildFile section */
		BA5FA4B81D5664B4008CC334 /* AppDelegate.swift in Sources */ = {isa = PBXBuildFile; fileRef = BA5FA4B71D5664B4008CC334 /* AppDelegate.swift */; };
		BA5FA4BA1D5664B4008CC334 /* ViewController.swift in Sources */ = {isa = PBXBuildFile; fileRef = BA5FA4B91D5664B4008CC334 /* ViewController.swift */; };
		BA5FA4BD1D5664B4008CC334 /* Main.storyboard in Resources */ = {isa = PBXBuildFile; fileRef = BA5FA4BB1D5664B4008CC334 /* Main.storyboard */; };
		BA5FA4BF1D5664B4008CC334 /* Assets.xcassets in Resources */ = {isa = PBXBuildFile; fileRef = BA5FA4BE1D5664B4008CC334 /* Assets.xcassets */; };
		BA5FA4C21D5664B4008CC334 /* LaunchScreen.storyboard in Resources */ = {isa = PBXBuildFile; fileRef = BA5FA4C01D5664B4008CC334 /* LaunchScreen.storyboard */; };
/* End PBXBuildFile section */

/* Begin PBXFileReference section */
		BA5FA4B41D5664B4008CC334 /* saveTheKittens.app */ = {isa = PBXFileReference; explicitFileType = wrapper.application; includeInIndex = 0; path = saveTheKittens.app; sourceTree = BUILT_PRODUCTS_DIR; };
		BA5FA4B71D5664B4008CC334 /* AppDelegate.swift */ = {isa = PBXFileReference; lastKnownFileType = sourcecode.swift; path = AppDelegate.swift; sourceTree = "<group>"; };
		BA5FA4B91D5664B4008CC334 /* ViewController.swift */ = {isa = PBXFileReference; lastKnownFileType = sourcecode.swift; path = ViewController.swift; sourceTree = "<group>"; };
		BA5FA4BC1D5664B4008CC334 /* Base */ = {isa = PBXFileReference; lastKnownFileType = file.storyboard; name = Base; path = Base.lproj/Main.storyboard; sourceTree = "<group>"; };
		BA5FA4BE1D5664B4008CC334 /* Assets.xcassets */ = {isa = PBXFileReference; lastKnownFileType = folder.assetcatalog; path = Assets.xcassets; sourceTree = "<group>"; };
		BA5FA4C11D5664B4008CC334 /* Base */ = {isa = PBXFileReference; lastKnownFileType = file.storyboard; name = Base; path = Base.lproj/LaunchScreen.storyboard; sourceTree = "<group>"; };
		BA5FA4C31D5664B4008CC334 /* Info.plist */ = {isa = PBXFileReference; lastKnownFileType = text.plist.xml; path = Info.plist; sourceTree = "<group>"; };
/* End PBXFileReference section */

/* Begin PBXFrameworksBuildPhase section */
		BA5FA4B11D5664B4008CC334 /* Frameworks */ = {
			isa = PBXFrameworksBuildPhase;
			buildActionMask = 2147483647;
			files = (
			);
			runOnlyForDeploymentPostprocessing = 0;
		};
/* End PBXFrameworksBuildPhase section */

/* Begin PBXGroup section */
		BA5FA4AB1D5664B4008CC334 = {
			isa = PBXGroup;
			children = (
				BA5FA4B61D5664B4008CC334 /* saveTheKittens */,
				BA5FA4B51D5664B4008CC334 /* Products */,
			);
			sourceTree = "<group>";
		};
		BA5FA4B51D5664B4008CC334 /* Products */ = {
			isa = PBXGroup;
			children = (
				BA5FA4B41D5664B4008CC334 /* saveTheKittens.app */,
			);
			name = Products;
			sourceTree = "<group>";
		};
		BA5FA4B61D5664B4008CC334 /* saveTheKittens */ = {
			isa = PBXGroup;
			children = (
				BA5FA4B71D5664B4008CC334 /* AppDelegate.swift */,
				BA5FA4B91D5664B4008CC334 /* ViewController.swift */,
				BA5FA4BB1D5664B4008CC334 /* Main.storyboard */,
				BA5FA4BE1D5664B4008CC334 /* Assets.xcassets */,
				BA5FA4C01D5664B4008CC334 /* LaunchScreen.storyboard */,
				BA5FA4C31D5664B4008CC334 /* Info.plist */,
			);
			path = saveTheKittens;
			sourceTree = "<group>";
		};
/* End PBXGroup section */

/* Begin PBXNativeTarget section */
		BA5FA4B31D5664B4008CC334 /* saveTheKittens */ = {
			isa = PBXNativeTarget;
			buildConfigurationList = BA5FA4C61D5664B4008CC334 /* Build configuration list for PBXNativeTarget "saveTheKittens" */;
			buildPhases = (
				BA5FA4B01D5664B4008CC334 /* Sources */,
				BA5FA4B11D5664B4008CC334 /* Frameworks */,
				BA5FA4B21D5664B4008CC334 /* Resources */,
			);
			buildRules = (
			);
			dependencies = (
			);
			name = saveTheKittens;
			productName = saveTheKittens;
			productReference = BA5FA4B41D5664B4008CC334 /* saveTheKittens.app */;
			productType = "com.apple.product-type.application";
		};
/* End PBXNativeTarget section */

/* Begin PBXProject section */
		BA5FA4AC1D5664B4008CC334 /* Project object */ = {
			isa = PBXProject;
			attributes = {
				LastSwiftUpdateCheck = 0800;
				LastUpgradeCheck = 0800;
				ORGANIZATIONNAME = "KARL TAYLOR";
				TargetAttributes = {
					BA5FA4B31D5664B4008CC334 = {
						CreatedOnToolsVersion = 8.0;
						ProvisioningStyle = Automatic;
					};
				};
			};
			buildConfigurationList = BA5FA4AF1D5664B4008CC334 /* Build configuration list for PBXProject "saveTheKittens" */;
			compatibilityVersion = "Xcode 3.2";
			developmentRegion = English;
			hasScannedForEncodings = 0;
			knownRegions = (
				en,
				Base,
			);
			mainGroup = BA5FA4AB1D5664B4008CC334;
			productRefGroup = BA5FA4B51D5664B4008CC334 /* Products */;
			projectDirPath = "";
			projectRoot = "";
			targets = (
				BA5FA4B31D5664B4008CC334 /* saveTheKittens */,
			);
		};
/* End PBXProject section */

/* Begin PBXResourcesBuildPhase section */
		BA5FA4B21D5664B4008CC334 /* Resources */ = {
			isa = PBXResourcesBuildPhase;
			buildActionMask = 2147483647;
			files = (
				BA5FA4C21D5664B4008CC334 /* LaunchScreen.storyboard in Resources */,
				BA5FA4BF1D5664B4008CC334 /* Assets.xcassets in Resources */,
				BA5FA4BD1D5664B4008CC334 /* Main.storyboard in Resources */,
			);
			runOnlyForDeploymentPostprocessing = 0;
		};
/* End PBXResourcesBuildPhase section */

/* Begin PBXSourcesBuildPhase section */
		BA5FA4B01D5664B4008CC334 /* Sources */ = {
			isa = PBXSourcesBuildPhase;
			buildActionMask = 2147483647;
			files = (
				BA5FA4BA1D5664B4008CC334 /* ViewController.swift in Sources */,
				BA5FA4B81D5664B4008CC334 /* AppDelegate.swift in Sources */,
			);
			runOnlyForDeploymentPostprocessing = 0;
		};
/* End PBXSourcesBuildPhase section */

/* Begin PBXVariantGroup section */
		BA5FA4BB1D5664B4008CC334 /* Main.storyboard */ = {
			isa = PBXVariantGroup;
			children = (
				BA5FA4BC1D5664B4008CC334 /* Base */,
			);
			name = Main.storyboard;
			sourceTree = "<group>";
		};
		BA5FA4C01D5664B4008CC334 /* LaunchScreen.storyboard */ = {
			isa = PBXVariantGroup;
			children = (
				BA5FA4C11D5664B4008CC334 /* Base */,
			);
			name = LaunchScreen.storyboard;
			sourceTree = "<group>";
		};
/* End PBXVariantGroup section */

/* Begin XCBuildConfiguration section */
		BA5FA4C41D5664B4008CC334 /* Debug */ = {
			isa = XCBuildConfiguration;
			buildSettings = {
				ALWAYS_SEARCH_USER_PATHS = NO;
				CLANG_ANALYZER_NONNULL = YES;
				CLANG_CXX_LANGUAGE_STANDARD = "gnu++0x";
				CLANG_CXX_LIBRARY = "libc++";
				CLANG_ENABLE_MODULES = YES;
				CLANG_ENABLE_OBJC_ARC = YES;
				CLANG_WARN_BOOL_CONVERSION = YES;
				CLANG_WARN_CONSTANT_CONVERSION = YES;
				CLANG_WARN_DIRECT_OBJC_ISA_USAGE = YES_ERROR;
				CLANG_WARN_DOCUMENTATION_COMMENTS = YES;
				CLANG_WARN_EMPTY_BODY = YES;
				CLANG_WARN_ENUM_CONVERSION = YES;
				CLANG_WARN_INFINITE_RECURSION = YES;
				CLANG_WARN_INT_CONVERSION = YES;
				CLANG_WARN_OBJC_ROOT_CLASS = YES_ERROR;
				CLANG_WARN_SUSPICIOUS_MOVES = YES;
				CLANG_WARN_UNREACHABLE_CODE = YES;
				CLANG_WARN__DUPLICATE_METHOD_MATCH = YES;
				"CODE_SIGN_IDENTITY[sdk=iphoneos*]" = "iPhone Developer";
				COPY_PHASE_STRIP = NO;
				DEBUG_INFORMATION_FORMAT = dwarf;
				ENABLE_STRICT_OBJC_MSGSEND = YES;
				ENABLE_TESTABILITY = YES;
				GCC_C_LANGUAGE_STANDARD = gnu99;
				GCC_DYNAMIC_NO_PIC = NO;
				GCC_NO_COMMON_BLOCKS = YES;
				GCC_OPTIMIZATION_LEVEL = 0;
				GCC_PREPROCESSOR_DEFINITIONS = (
					"DEBUG=1",
					"$(inherited)",
				);
				GCC_WARN_64_TO_32_BIT_CONVERSION = YES;
				GCC_WARN_ABOUT_RETURN_TYPE = YES_ERROR;
				GCC_WARN_UNDECLARED_SELECTOR = YES;
				GCC_WARN_UNINITIALIZED_AUTOS = YES_AGGRESSIVE;
				GCC_WARN_UNUSED_FUNCTION = YES;
				GCC_WARN_UNUSED_VARIABLE = YES;
				IPHONEOS_DEPLOYMENT_TARGET = 10.0;
				MTL_ENABLE_DEBUG_INFO = YES;
				ONLY_ACTIVE_ARCH = YES;
				SDKROOT = iphoneos;
				SWIFT_ACTIVE_COMPILATION_CONDITIONS = DEBUG;
				SWIFT_OPTIMIZATION_LEVEL = "-Onone";
				TARGETED_DEVICE_FAMILY = "1,2";
			};
			name = Debug;
		};
		BA5FA4C51D5664B4008CC334 /* Release */ = {
			isa = XCBuildConfiguration;
			buildSettings = {
				ALWAYS_SEARCH_USER_PATHS = NO;
				CLANG_ANALYZER_NONNULL = YES;
				CLANG_CXX_LANGUAGE_STANDARD = "gnu++0x";
				CLANG_CXX_LIBRARY = "libc++";
				CLANG_ENABLE_MODULES = YES;
				CLANG_ENABLE_OBJC_ARC = YES;
				CLANG_WARN_BOOL_CONVERSION = YES;
				CLANG_WARN_CONSTANT_CONVERSION = YES;
				CLANG_WARN_DIRECT_OBJC_ISA_USAGE = YES_ERROR;
				CLANG_WARN_DOCUMENTATION_COMMENTS = YES;
				CLANG_WARN_EMPTY_BODY = YES;
				CLANG_WARN_ENUM_CONVERSION = YES;
				CLANG_WARN_INFINITE_RECURSION = YES;
				CLANG_WARN_INT_CONVERSION = YES;
				CLANG_WARN_OBJC_ROOT_CLASS = YES_ERROR;
				CLANG_WARN_SUSPICIOUS_MOVES = YES;
				CLANG_WARN_UNREACHABLE_CODE = YES;
				CLANG_WARN__DUPLICATE_METHOD_MATCH = YES;
				"CODE_SIGN_IDENTITY[sdk=iphoneos*]" = "iPhone Developer";
				COPY_PHASE_STRIP = NO;
				DEBUG_INFORMATION_FORMAT = "dwarf-with-dsym";
				ENABLE_NS_ASSERTIONS = NO;
				ENABLE_STRICT_OBJC_MSGSEND = YES;
				GCC_C_LANGUAGE_STANDARD = gnu99;
				GCC_NO_COMMON_BLOCKS = YES;
				GCC_WARN_64_TO_32_BIT_CONVERSION = YES;
				GCC_WARN_ABOUT_RETURN_TYPE = YES_ERROR;
				GCC_WARN_UNDECLARED_SELECTOR = YES;
				GCC_WARN_UNINITIALIZED_AUTOS = YES_AGGRESSIVE;
				GCC_WARN_UNUSED_FUNCTION = YES;
				GCC_WARN_UNUSED_VARIABLE = YES;
				IPHONEOS_DEPLOYMENT_TARGET = 10.0;
				MTL_ENABLE_DEBUG_INFO = NO;
				SDKROOT = iphoneos;
				SWIFT_OPTIMIZATION_LEVEL = "-Owholemodule";
				TARGETED_DEVICE_FAMILY = "1,2";
				VALIDATE_PRODUCT = YES;
			};
			name = Release;
		};
		BA5FA4C71D5664B4008CC334 /* Debug */ = {
			isa = XCBuildConfiguration;
			buildSettings = {
				ASSETCATALOG_COMPILER_APPICON_NAME = AppIcon;
				INFOPLIST_FILE = saveTheKittens/Info.plist;
				LD_RUNPATH_SEARCH_PATHS = "$(inherited) @executable_path/Frameworks";
				PRODUCT_BUNDLE_IDENTIFIER = self.edu.saveTheKittens;
				PRODUCT_NAME = "$(TARGET_NAME)";
				SWIFT_VERSION = 3.0;
			};
			name = Debug;
		};
		BA5FA4C81D5664B4008CC334 /* Release */ = {
			isa = XCBuildConfiguration;
			buildSettings = {
				ASSETCATALOG_COMPILER_APPICON_NAME = AppIcon;
				INFOPLIST_FILE = saveTheKittens/Info.plist;
				LD_RUNPATH_SEARCH_PATHS = "$(inherited) @executable_path/Frameworks";
				PRODUCT_BUNDLE_IDENTIFIER = self.edu.saveTheKittens;
				PRODUCT_NAME = "$(TARGET_NAME)";
				SWIFT_VERSION = 3.0;
			};
			name = Release;
		};
/* End XCBuildConfiguration section */

/* Begin XCConfigurationList section */
		BA5FA4AF1D5664B4008CC334 /* Build configuration list for PBXProject "saveTheKittens" */ = {
			isa = XCConfigurationList;
			buildConfigurations = (
				BA5FA4C41D5664B4008CC334 /* Debug */,
				BA5FA4C51D5664B4008CC334 /* Release */,
			);
			defaultConfigurationIsVisible = 0;
			defaultConfigurationName = Release;
		};
		BA5FA4C61D5664B4008CC334 /* Build configuration list for PBXNativeTarget "saveTheKittens" */ = {
			isa = XCConfigurationList;
			buildConfigurations = (
				BA5FA4C71D5664B4008CC334 /* Debug */,
				BA5FA4C81D5664B4008CC334 /* Release */,
			);
			defaultConfigurationIsVisible = 0;
		};
/* End XCConfigurationList section */
	};
	rootObject = BA5FA4AC1D5664B4008CC334 /* Project object */;
}
